
Microsoft Visual Studio Solution File, Format Version 12.00
# Visual Studio Version 17
VisualStudioVersion = 17.11.35303.130
MinimumVisualStudioVersion = 10.0.40219.1
Project("{FAE04EC0-301F-11D3-BF4B-00C04F79EFBC}") = "Pensao", "Pensao\Pensao.csproj", "{682068BD-25CD-41A8-A647-C8ECF2502847}"
EndProject
Global
	GlobalSection(SolutionConfigurationPlatforms) = preSolution
		Debug|Any CPU = Debug|Any CPU
		Release|Any CPU = Release|Any CPU
	EndGlobalSection
	GlobalSection(ProjectConfigurationPlatforms) = postSolution
		{682068BD-25CD-41A8-A647-C8ECF2502847}.Debug|Any CPU.ActiveCfg = Debug|Any CPU
		{682068BD-25CD-41A8-A647-C8ECF2502847}.Debug|Any CPU.Build.0 = Debug|Any CPU
		{682068BD-25CD-41A8-A647-C8ECF2502847}.Release|Any CPU.ActiveCfg = Release|Any CPU
		{682068BD-25CD-41A8-A647-C8ECF2502847}.Release|Any CPU.Build.0 = Release|Any CPU
	EndGlobalSection
	GlobalSection(SolutionProperties) = preSolution
		HideSolutionNode = FALSE
	EndGlobalSection
	GlobalSection(ExtensibilityGlobals) = postSolution
		SolutionGuid = {EB6471EA-8B2A-4957-9DB9-A7ADADFA10A2}
	EndGlobalSection
EndGlobal
